
Microsoft Visual Studio Solution File, Format Version 12.00
Project("{FAE04EC0-301F-11D3-BF4B-00C04F79EFBC}") = "sNet", "sNet\sNet.csproj", "{32B4FEA9-BC15-416E-BB27-DF06A3B62C3F}"
EndProject
Project("{FAE04EC0-301F-11D3-BF4B-00C04F79EFBC}") = "Server", "Server\Server.csproj", "{2ED73E4B-FE03-4A6E-82B4-E788256743FB}"
EndProject
Global
	GlobalSection(SolutionConfigurationPlatforms) = preSolution
		Debug|Any CPU = Debug|Any CPU
		Release|Any CPU = Release|Any CPU
	EndGlobalSection
	GlobalSection(ProjectConfigurationPlatforms) = postSolution
		{32B4FEA9-BC15-416E-BB27-DF06A3B62C3F}.Debug|Any CPU.ActiveCfg = Debug|Any CPU
		{32B4FEA9-BC15-416E-BB27-DF06A3B62C3F}.Debug|Any CPU.Build.0 = Debug|Any CPU
		{32B4FEA9-BC15-416E-BB27-DF06A3B62C3F}.Release|Any CPU.ActiveCfg = Release|Any CPU
		{32B4FEA9-BC15-416E-BB27-DF06A3B62C3F}.Release|Any CPU.Build.0 = Release|Any CPU
		{2ED73E4B-FE03-4A6E-82B4-E788256743FB}.Debug|Any CPU.ActiveCfg = Debug|Any CPU
		{2ED73E4B-FE03-4A6E-82B4-E788256743FB}.Debug|Any CPU.Build.0 = Debug|Any CPU
		{2ED73E4B-FE03-4A6E-82B4-E788256743FB}.Release|Any CPU.ActiveCfg = Release|Any CPU
		{2ED73E4B-FE03-4A6E-82B4-E788256743FB}.Release|Any CPU.Build.0 = Release|Any CPU
	EndGlobalSection
EndGlobal
